
Microsoft Visual Studio Solution File, Format Version 12.00
# Visual Studio Version 17
VisualStudioVersion = 17.0.31903.59
MinimumVisualStudioVersion = 10.0.40219.1
Project("{9A19103F-16F7-4668-BE54-9A1E7A4F7556}") = "StackOverflowClone.Web", "src\StackOverflowClone.Web\StackOverflowClone.Web.csproj", "{E51242F7-1F17-4AA6-8795-64FA93C51A73}"
EndProject
Project("{FAE04EC0-301F-11D3-BF4B-00C04F79EFBC}") = "StackOverflow.Infrastructure", "src\StackOverflow.Infrastructure\StackOverflow.Infrastructure.csproj", "{EEEEC383-73A8-47DE-B13C-306DA8BC725F}"
EndProject
Project("{FAE04EC0-301F-11D3-BF4B-00C04F79EFBC}") = "StackOverflow.Application", "src\StackOverflow.Application\StackOverflow.Application.csproj", "{5A005DC3-15AE-40C5-8D66-C871DA153927}"
EndProject
Global
	GlobalSection(SolutionConfigurationPlatforms) = preSolution
		Debug|Any CPU = Debug|Any CPU
		Release|Any CPU = Release|Any CPU
	EndGlobalSection
	GlobalSection(ProjectConfigurationPlatforms) = postSolution
		{E51242F7-1F17-4AA6-8795-64FA93C51A73}.Debug|Any CPU.ActiveCfg = Debug|Any CPU
		{E51242F7-1F17-4AA6-8795-64FA93C51A73}.Debug|Any CPU.Build.0 = Debug|Any CPU
		{E51242F7-1F17-4AA6-8795-64FA93C51A73}.Release|Any CPU.ActiveCfg = Release|Any CPU
		{E51242F7-1F17-4AA6-8795-64FA93C51A73}.Release|Any CPU.Build.0 = Release|Any CPU
		{EEEEC383-73A8-47DE-B13C-306DA8BC725F}.Debug|Any CPU.ActiveCfg = Debug|Any CPU
		{EEEEC383-73A8-47DE-B13C-306DA8BC725F}.Debug|Any CPU.Build.0 = Debug|Any CPU
		{EEEEC383-73A8-47DE-B13C-306DA8BC725F}.Release|Any CPU.ActiveCfg = Release|Any CPU
		{EEEEC383-73A8-47DE-B13C-306DA8BC725F}.Release|Any CPU.Build.0 = Release|Any CPU
		{5A005DC3-15AE-40C5-8D66-C871DA153927}.Debug|Any CPU.ActiveCfg = Debug|Any CPU
		{5A005DC3-15AE-40C5-8D66-C871DA153927}.Debug|Any CPU.Build.0 = Debug|Any CPU
		{5A005DC3-15AE-40C5-8D66-C871DA153927}.Release|Any CPU.ActiveCfg = Release|Any CPU
		{5A005DC3-15AE-40C5-8D66-C871DA153927}.Release|Any CPU.Build.0 = Release|Any CPU
	EndGlobalSection
	GlobalSection(SolutionProperties) = preSolution
		HideSolutionNode = FALSE
	EndGlobalSection
	GlobalSection(ExtensibilityGlobals) = postSolution
		SolutionGuid = {FCCEA9D2-F95D-4EEE-9BC1-1C499A7E31BF}
	EndGlobalSection
EndGlobal
